{
    "_readme": [
        "This file locks the dependencies of your project to a known state",
        "Read more about it at https://getcomposer.org/doc/01-basic-usage.md#composer-lock-the-lock-file",
        "This file is @generated automatically"
    ],
    "hash": "4f04e39c2f2fec5d83884814180d52d0",
    "content-hash": "975d494d05b684ee739fce09865b0394",
    "packages": [
        {
            "name": "plesk/api-php-lib",
            "version": "dev-master",
            "source": {
                "type": "git",
                "url": "https://github.com/plesk/api-php-lib.git",
                "reference": "78753ab427ec117543092d13222d402001ba80bc"
            },
            "dist": {
                "type": "zip",
                "url": "https://api.github.com/repos/plesk/api-php-lib/zipball/78753ab427ec117543092d13222d402001ba80bc",
                "reference": "78753ab427ec117543092d13222d402001ba80bc",
                "shasum": ""
            },
            "require": {
                "php": ">=5.6.0"
            },
            "require-dev": {
                "phpunit/dbunit": ">=1.2",
                "phpunit/php-invoker": "*",
                "phpunit/phpunit": "5.7.*",
                "sebastian/environment": "^2.0"
            },
            "type": "library",
            "extra": {
                "branch-alias": {
                    "dev-master": "0.1.x-dev"
                }
            },
            "autoload": {
                "psr-4": {
                    "PleskX\\": "src/PleskX/"
                }
            },
            "notification-url": "https://packagist.org/downloads/",
            "license": [
                "Apache-2.0"
            ],
            "authors": [
                {
                    "name": "Alexei Yuzhakov",
                    "email": "sibprogrammer@gmail.com"
                }
            ],
            "description": "PHP object-oriented library for Plesk XML-RPC API",
            "time": "2018-01-10 01:52:25"
        }
    ],
    "packages-dev": [
        {
            "name": "plesk/pm-api-stubs",
            "version": "17.8.11",
            "source": {
                "type": "git",
                "url": "https://github.com/plesk/pm-api-stubs.git",
                "reference": "89427a7e75a702c5d03458e17150c66fd3658c3a"
            },
            "dist": {
                "type": "zip",
                "url": "https://api.github.com/repos/plesk/pm-api-stubs/zipball/89427a7e75a702c5d03458e17150c66fd3658c3a",
                "reference": "89427a7e75a702c5d03458e17150c66fd3658c3a",
                "shasum": ""
            },
            "require": {
                "plesk/zf1": "1.12.17-patch"
            },
            "require-dev": {
                "phpdocumentor/phpdocumentor": "^2.9"
            },
            "type": "library",
            "autoload": {
                "classmap": [
                    "pm"
                ]
            },
            "notification-url": "https://packagist.org/downloads/",
            "license": [
                "Apache-2.0"
            ],
            "description": "Plesk Extensions API PHP files stubs for IDE.",
            "time": "2018-04-14 19:12:56"
        },
        {
            "name": "plesk/zf1",
            "version": "1.12.17-patch",
            "source": {
                "type": "git",
                "url": "https://github.com/plesk/zf1.git",
                "reference": "dfb48bf65c4245ff7a85a7d7e215612b9fe9ad2f"
            },
            "dist": {
                "type": "zip",
                "url": "https://api.github.com/repos/plesk/zf1/zipball/dfb48bf65c4245ff7a85a7d7e215612b9fe9ad2f",
                "reference": "dfb48bf65c4245ff7a85a7d7e215612b9fe9ad2f",
                "shasum": ""
            },
            "require": {
                "php": ">=5.2.11"
            },
            "require-dev": {
                "phpunit/dbunit": "1.3.*",
                "phpunit/phpunit": "3.7.*"
            },
            "type": "library",
            "extra": {
                "branch-alias": {
                    "dev-master": "1.12.x-dev"
                }
            },
            "autoload": {
                "psr-0": {
                    "Zend_": "library/"
                }
            },
            "notification-url": "https://packagist.org/downloads/",
            "include-path": [
                "library/"
            ],
            "license": [
                "BSD-3-Clause"
            ],
            "description": "Zend Framework 1 (Plesk)",
            "homepage": "http://framework.zend.com/",
            "keywords": [
                "ZF1",
                "framework"
            ],
            "time": "2018-04-02 10:17:27"
        }
    ],
    "aliases": [],
    "minimum-stability": "stable",
    "stability-flags": {
        "plesk/api-php-lib": 20
    },
    "prefer-stable": false,
    "prefer-lowest": false,
    "platform": {
        "php": "^5.6|^7.0|^7.1"
    },
    "platform-dev": []
}
